// !$*UTF8*$!
{
	archiveVersion = 1;
	classes = {
	};
	objectVersion = 46;
	objects = {

/* Begin PBXBuildFile section */
		925B804C9F3FF97B612A0159 /* Pods_IMTest.framework in Frameworks */ = {isa = PBXBuildFile; fileRef = D17C733DEFE959905C44E968 /* Pods_IMTest.framework */; };
		D65DB0E21ECC4B3B00D6D2D6 /* AppDelegate.swift in Sources */ = {isa = PBXBuildFile; fileRef = D65DB0E11ECC4B3B00D6D2D6 /* AppDelegate.swift */; };
		D65DB0E41ECC4B3B00D6D2D6 /* ViewController.swift in Sources */ = {isa = PBXBuildFile; fileRef = D65DB0E31ECC4B3B00D6D2D6 /* ViewController.swift */; };
		D65DB0E71ECC4B3B00D6D2D6 /* Main.storyboard in Resources */ = {isa = PBXBuildFile; fileRef = D65DB0E51ECC4B3B00D6D2D6 /* Main.storyboard */; };
		D65DB0E91ECC4B3B00D6D2D6 /* Assets.xcassets in Resources */ = {isa = PBXBuildFile; fileRef = D65DB0E81ECC4B3B00D6D2D6 /* Assets.xcassets */; };
		D65DB0EC1ECC4B3B00D6D2D6 /* LaunchScreen.storyboard in Resources */ = {isa = PBXBuildFile; fileRef = D65DB0EA1ECC4B3B00D6D2D6 /* LaunchScreen.storyboard */; };
		D65DB0F71ECC4B3B00D6D2D6 /* IMTestUITests.swift in Sources */ = {isa = PBXBuildFile; fileRef = D65DB0F61ECC4B3B00D6D2D6 /* IMTestUITests.swift */; };
		E1C2D95AA0432CC9A9486887 /* Pods_IMTestUITests.framework in Frameworks */ = {isa = PBXBuildFile; fileRef = 0DA3C9BD81C57C18AF279695 /* Pods_IMTestUITests.framework */; };
/* End PBXBuildFile section */

/* Begin PBXContainerItemProxy section */
		D65DB0F31ECC4B3B00D6D2D6 /* PBXContainerItemProxy */ = {
			isa = PBXContainerItemProxy;
			containerPortal = D65DB0D61ECC4B3B00D6D2D6 /* Project object */;
			proxyType = 1;
			remoteGlobalIDString = D65DB0DD1ECC4B3B00D6D2D6;
			remoteInfo = IMTest;
		};
/* End PBXContainerItemProxy section */

/* Begin PBXFileReference section */
		0DA3C9BD81C57C18AF279695 /* Pods_IMTestUITests.framework */ = {isa = PBXFileReference; explicitFileType = wrapper.framework; includeInIndex = 0; path = Pods_IMTestUITests.framework; sourceTree = BUILT_PRODUCTS_DIR; };
		2833DB761885BDD9F6759CDD /* Pods-IMTestUITests.release.xcconfig */ = {isa = PBXFileReference; includeInIndex = 1; lastKnownFileType = text.xcconfig; name = "Pods-IMTestUITests.release.xcconfig"; path = "Pods/Target Support Files/Pods-IMTestUITests/Pods-IMTestUITests.release.xcconfig"; sourceTree = "<group>"; };
		36686BB06F17D2CA6755A0DC /* Pods-IMTest.release.xcconfig */ = {isa = PBXFileReference; includeInIndex = 1; lastKnownFileType = text.xcconfig; name = "Pods-IMTest.release.xcconfig"; path = "Pods/Target Support Files/Pods-IMTest/Pods-IMTest.release.xcconfig"; sourceTree = "<group>"; };
		ABE1C2E60358ED698B9E6F42 /* Pods-IMTestUITests.debug.xcconfig */ = {isa = PBXFileReference; includeInIndex = 1; lastKnownFileType = text.xcconfig; name = "Pods-IMTestUITests.debug.xcconfig"; path = "Pods/Target Support Files/Pods-IMTestUITests/Pods-IMTestUITests.debug.xcconfig"; sourceTree = "<group>"; };
		ACF264B33C239320AD2FBDE4 /* Pods-IMTest.debug.xcconfig */ = {isa = PBXFileReference; includeInIndex = 1; lastKnownFileType = text.xcconfig; name = "Pods-IMTest.debug.xcconfig"; path = "Pods/Target Support Files/Pods-IMTest/Pods-IMTest.debug.xcconfig"; sourceTree = "<group>"; };
		D17C733DEFE959905C44E968 /* Pods_IMTest.framework */ = {isa = PBXFileReference; explicitFileType = wrapper.framework; includeInIndex = 0; path = Pods_IMTest.framework; sourceTree = BUILT_PRODUCTS_DIR; };
		D65DB0DE1ECC4B3B00D6D2D6 /* IMTest.app */ = {isa = PBXFileReference; explicitFileType = wrapper.application; includeInIndex = 0; path = IMTest.app; sourceTree = BUILT_PRODUCTS_DIR; };
		D65DB0E11ECC4B3B00D6D2D6 /* AppDelegate.swift */ = {isa = PBXFileReference; lastKnownFileType = sourcecode.swift; path = AppDelegate.swift; sourceTree = "<group>"; };
		D65DB0E31ECC4B3B00D6D2D6 /* ViewController.swift */ = {isa = PBXFileReference; lastKnownFileType = sourcecode.swift; path = ViewController.swift; sourceTree = "<group>"; };
		D65DB0E61ECC4B3B00D6D2D6 /* Base */ = {isa = PBXFileReference; lastKnownFileType = file.storyboard; name = Base; path = Base.lproj/Main.storyboard; sourceTree = "<group>"; };
		D65DB0E81ECC4B3B00D6D2D6 /* Assets.xcassets */ = {isa = PBXFileReference; lastKnownFileType = folder.assetcatalog; path = Assets.xcassets; sourceTree = "<group>"; };
		D65DB0EB1ECC4B3B00D6D2D6 /* Base */ = {isa = PBXFileReference; lastKnownFileType = file.storyboard; name = Base; path = Base.lproj/LaunchScreen.storyboard; sourceTree = "<group>"; };
		D65DB0ED1ECC4B3B00D6D2D6 /* Info.plist */ = {isa = PBXFileReference; lastKnownFileType = text.plist.xml; path = Info.plist; sourceTree = "<group>"; };
		D65DB0F21ECC4B3B00D6D2D6 /* IMTestUITests.xctest */ = {isa = PBXFileReference; explicitFileType = wrapper.cfbundle; includeInIndex = 0; path = IMTestUITests.xctest; sourceTree = BUILT_PRODUCTS_DIR; };
		D65DB0F61ECC4B3B00D6D2D6 /* IMTestUITests.swift */ = {isa = PBXFileReference; lastKnownFileType = sourcecode.swift; path = IMTestUITests.swift; sourceTree = "<group>"; };
		D65DB0F81ECC4B3B00D6D2D6 /* Info.plist */ = {isa = PBXFileReference; lastKnownFileType = text.plist.xml; path = Info.plist; sourceTree = "<group>"; };
/* End PBXFileReference section */

/* Begin PBXFrameworksBuildPhase section */
		D65DB0DB1ECC4B3B00D6D2D6 /* Frameworks */ = {
			isa = PBXFrameworksBuildPhase;
			buildActionMask = 2147483647;
			files = (
				925B804C9F3FF97B612A0159 /* Pods_IMTest.framework in Frameworks */,
			);
			runOnlyForDeploymentPostprocessing = 0;
		};
		D65DB0EF1ECC4B3B00D6D2D6 /* Frameworks */ = {
			isa = PBXFrameworksBuildPhase;
			buildActionMask = 2147483647;
			files = (
				E1C2D95AA0432CC9A9486887 /* Pods_IMTestUITests.framework in Frameworks */,
			);
			runOnlyForDeploymentPostprocessing = 0;
		};
/* End PBXFrameworksBuildPhase section */

/* Begin PBXGroup section */
		0782D664AE82A711EE4190DA /* Frameworks */ = {
			isa = PBXGroup;
			children = (
				D17C733DEFE959905C44E968 /* Pods_IMTest.framework */,
				0DA3C9BD81C57C18AF279695 /* Pods_IMTestUITests.framework */,
			);
			name = Frameworks;
			sourceTree = "<group>";
		};
		6E01C6A7179E8BE77ABB179A /* Pods */ = {
			isa = PBXGroup;
			children = (
				ACF264B33C239320AD2FBDE4 /* Pods-IMTest.debug.xcconfig */,
				36686BB06F17D2CA6755A0DC /* Pods-IMTest.release.xcconfig */,
				ABE1C2E60358ED698B9E6F42 /* Pods-IMTestUITests.debug.xcconfig */,
				2833DB761885BDD9F6759CDD /* Pods-IMTestUITests.release.xcconfig */,
			);
			name = Pods;
			sourceTree = "<group>";
		};
		D65DB0D51ECC4B3B00D6D2D6 = {
			isa = PBXGroup;
			children = (
				D65DB0E01ECC4B3B00D6D2D6 /* IMTest */,
				D65DB0F51ECC4B3B00D6D2D6 /* IMTestUITests */,
				D65DB0DF1ECC4B3B00D6D2D6 /* Products */,
				6E01C6A7179E8BE77ABB179A /* Pods */,
				0782D664AE82A711EE4190DA /* Frameworks */,
			);
			sourceTree = "<group>";
		};
		D65DB0DF1ECC4B3B00D6D2D6 /* Products */ = {
			isa = PBXGroup;
			children = (
				D65DB0DE1ECC4B3B00D6D2D6 /* IMTest.app */,
				D65DB0F21ECC4B3B00D6D2D6 /* IMTestUITests.xctest */,
			);
			name = Products;
			sourceTree = "<group>";
		};
		D65DB0E01ECC4B3B00D6D2D6 /* IMTest */ = {
			isa = PBXGroup;
			children = (
				D65DB0E11ECC4B3B00D6D2D6 /* AppDelegate.swift */,
				D65DB0E31ECC4B3B00D6D2D6 /* ViewController.swift */,
				D65DB0E51ECC4B3B00D6D2D6 /* Main.storyboard */,
				D65DB0E81ECC4B3B00D6D2D6 /* Assets.xcassets */,
				D65DB0EA1ECC4B3B00D6D2D6 /* LaunchScreen.storyboard */,
				D65DB0ED1ECC4B3B00D6D2D6 /* Info.plist */,
			);
			path = IMTest;
			sourceTree = "<group>";
		};
		D65DB0F51ECC4B3B00D6D2D6 /* IMTestUITests */ = {
			isa = PBXGroup;
			children = (
				D65DB0F61ECC4B3B00D6D2D6 /* IMTestUITests.swift */,
				D65DB0F81ECC4B3B00D6D2D6 /* Info.plist */,
			);
			path = IMTestUITests;
			sourceTree = "<group>";
		};
/* End PBXGroup section */

/* Begin PBXNativeTarget section */
		D65DB0DD1ECC4B3B00D6D2D6 /* IMTest */ = {
			isa = PBXNativeTarget;
			buildConfigurationList = D65DB0FB1ECC4B3B00D6D2D6 /* Build configuration list for PBXNativeTarget "IMTest" */;
			buildPhases = (
				A6C41F830E760FF51C19721C /* [CP] Check Pods Manifest.lock */,
				D65DB0DA1ECC4B3B00D6D2D6 /* Sources */,
				D65DB0DB1ECC4B3B00D6D2D6 /* Frameworks */,
				D65DB0DC1ECC4B3B00D6D2D6 /* Resources */,
				83956C9DA50B93158A3A173D /* [CP] Embed Pods Frameworks */,
				868D6CDFBEF2DA5CB9BA1C54 /* [CP] Copy Pods Resources */,
			);
			buildRules = (
			);
			dependencies = (
			);
			name = IMTest;
			productName = IMTest;
			productReference = D65DB0DE1ECC4B3B00D6D2D6 /* IMTest.app */;
			productType = "com.apple.product-type.application";
		};
		D65DB0F11ECC4B3B00D6D2D6 /* IMTestUITests */ = {
			isa = PBXNativeTarget;
			buildConfigurationList = D65DB0FE1ECC4B3B00D6D2D6 /* Build configuration list for PBXNativeTarget "IMTestUITests" */;
			buildPhases = (
				79D7AD63F8EF94097040A4DB /* [CP] Check Pods Manifest.lock */,
				D65DB0EE1ECC4B3B00D6D2D6 /* Sources */,
				D65DB0EF1ECC4B3B00D6D2D6 /* Frameworks */,
				D65DB0F01ECC4B3B00D6D2D6 /* Resources */,
				18612C3842652CB2F80D4759 /* [CP] Embed Pods Frameworks */,
				2FFF0B92CA158000E4C5BFBF /* [CP] Copy Pods Resources */,
			);
			buildRules = (
			);
			dependencies = (
				D65DB0F41ECC4B3B00D6D2D6 /* PBXTargetDependency */,
			);
			name = IMTestUITests;
			productName = IMTestUITests;
			productReference = D65DB0F21ECC4B3B00D6D2D6 /* IMTestUITests.xctest */;
			productType = "com.apple.product-type.bundle.ui-testing";
		};
/* End PBXNativeTarget section */

/* Begin PBXProject section */
		D65DB0D61ECC4B3B00D6D2D6 /* Project object */ = {
			isa = PBXProject;
			attributes = {
				LastSwiftUpdateCheck = 0820;
				LastUpgradeCheck = 0820;
				ORGANIZATIONNAME = cn.com.ecinc;
				TargetAttributes = {
					D65DB0DD1ECC4B3B00D6D2D6 = {
						CreatedOnToolsVersion = 8.2.1;
						DevelopmentTeam = V4YE2ERCAC;
						ProvisioningStyle = Automatic;
					};
					D65DB0F11ECC4B3B00D6D2D6 = {
						CreatedOnToolsVersion = 8.2.1;
						DevelopmentTeam = V4YE2ERCAC;
						ProvisioningStyle = Automatic;
						TestTargetID = D65DB0DD1ECC4B3B00D6D2D6;
					};
				};
			};
			buildConfigurationList = D65DB0D91ECC4B3B00D6D2D6 /* Build configuration list for PBXProject "IMTest" */;
			compatibilityVersion = "Xcode 3.2";
			developmentRegion = English;
			hasScannedForEncodings = 0;
			knownRegions = (
				en,
				Base,
			);
			mainGroup = D65DB0D51ECC4B3B00D6D2D6;
			productRefGroup = D65DB0DF1ECC4B3B00D6D2D6 /* Products */;
			projectDirPath = "";
			projectRoot = "";
			targets = (
				D65DB0DD1ECC4B3B00D6D2D6 /* IMTest */,
				D65DB0F11ECC4B3B00D6D2D6 /* IMTestUITests */,
			);
		};
/* End PBXProject section */

/* Begin PBXResourcesBuildPhase section */
		D65DB0DC1ECC4B3B00D6D2D6 /* Resources */ = {
			isa = PBXResourcesBuildPhase;
			buildActionMask = 2147483647;
			files = (
				D65DB0EC1ECC4B3B00D6D2D6 /* LaunchScreen.storyboard in Resources */,
				D65DB0E91ECC4B3B00D6D2D6 /* Assets.xcassets in Resources */,
				D65DB0E71ECC4B3B00D6D2D6 /* Main.storyboard in Resources */,
			);
			runOnlyForDeploymentPostprocessing = 0;
		};
		D65DB0F01ECC4B3B00D6D2D6 /* Resources */ = {
			isa = PBXResourcesBuildPhase;
			buildActionMask = 2147483647;
			files = (
			);
			runOnlyForDeploymentPostprocessing = 0;
		};
/* End PBXResourcesBuildPhase section */

/* Begin PBXShellScriptBuildPhase section */
		18612C3842652CB2F80D4759 /* [CP] Embed Pods Frameworks */ = {
			isa = PBXShellScriptBuildPhase;
			buildActionMask = 2147483647;
			files = (
			);
			inputPaths = (
			);
			name = "[CP] Embed Pods Frameworks";
			outputPaths = (
			);
			runOnlyForDeploymentPostprocessing = 0;
			shellPath = /bin/sh;
			shellScript = "\"${SRCROOT}/Pods/Target Support Files/Pods-IMTestUITests/Pods-IMTestUITests-frameworks.sh\"\n";
			showEnvVarsInLog = 0;
		};
		2FFF0B92CA158000E4C5BFBF /* [CP] Copy Pods Resources */ = {
			isa = PBXShellScriptBuildPhase;
			buildActionMask = 2147483647;
			files = (
			);
			inputPaths = (
			);
			name = "[CP] Copy Pods Resources";
			outputPaths = (
			);
			runOnlyForDeploymentPostprocessing = 0;
			shellPath = /bin/sh;
			shellScript = "\"${SRCROOT}/Pods/Target Support Files/Pods-IMTestUITests/Pods-IMTestUITests-resources.sh\"\n";
			showEnvVarsInLog = 0;
		};
		79D7AD63F8EF94097040A4DB /* [CP] Check Pods Manifest.lock */ = {
			isa = PBXShellScriptBuildPhase;
			buildActionMask = 2147483647;
			files = (
			);
			inputPaths = (
			);
			name = "[CP] Check Pods Manifest.lock";
			outputPaths = (
			);
			runOnlyForDeploymentPostprocessing = 0;
			shellPath = /bin/sh;
			shellScript = "diff \"${PODS_ROOT}/../Podfile.lock\" \"${PODS_ROOT}/Manifest.lock\" > /dev/null\nif [ $? != 0 ] ; then\n    # print error to STDERR\n    echo \"error: The sandbox is not in sync with the Podfile.lock. Run 'pod install' or update your CocoaPods installation.\" >&2\n    exit 1\nfi\n";
			showEnvVarsInLog = 0;
		};
		83956C9DA50B93158A3A173D /* [CP] Embed Pods Frameworks */ = {
			isa = PBXShellScriptBuildPhase;
			buildActionMask = 2147483647;
			files = (
			);
			inputPaths = (
			);
			name = "[CP] Embed Pods Frameworks";
			outputPaths = (
			);
			runOnlyForDeploymentPostprocessing = 0;
			shellPath = /bin/sh;
			shellScript = "\"${SRCROOT}/Pods/Target Support Files/Pods-IMTest/Pods-IMTest-frameworks.sh\"\n";
			showEnvVarsInLog = 0;
		};
		868D6CDFBEF2DA5CB9BA1C54 /* [CP] Copy Pods Resources */ = {
			isa = PBXShellScriptBuildPhase;
			buildActionMask = 2147483647;
			files = (
			);
			inputPaths = (
			);
			name = "[CP] Copy Pods Resources";
			outputPaths = (
			);
			runOnlyForDeploymentPostprocessing = 0;
			shellPath = /bin/sh;
			shellScript = "\"${SRCROOT}/Pods/Target Support Files/Pods-IMTest/Pods-IMTest-resources.sh\"\n";
			showEnvVarsInLog = 0;
		};
		A6C41F830E760FF51C19721C /* [CP] Check Pods Manifest.lock */ = {
			isa = PBXShellScriptBuildPhase;
			buildActionMask = 2147483647;
			files = (
			);
			inputPaths = (
			);
			name = "[CP] Check Pods Manifest.lock";
			outputPaths = (
			);
			runOnlyForDeploymentPostprocessing = 0;
			shellPath = /bin/sh;
			shellScript = "diff \"${PODS_ROOT}/../Podfile.lock\" \"${PODS_ROOT}/Manifest.lock\" > /dev/null\nif [ $? != 0 ] ; then\n    # print error to STDERR\n    echo \"error: The sandbox is not in sync with the Podfile.lock. Run 'pod install' or update your CocoaPods installation.\" >&2\n    exit 1\nfi\n";
			showEnvVarsInLog = 0;
		};
/* End PBXShellScriptBuildPhase section */

/* Begin PBXSourcesBuildPhase section */
		D65DB0DA1ECC4B3B00D6D2D6 /* Sources */ = {
			isa = PBXSourcesBuildPhase;
			buildActionMask = 2147483647;
			files = (
				D65DB0E41ECC4B3B00D6D2D6 /* ViewController.swift in Sources */,
				D65DB0E21ECC4B3B00D6D2D6 /* AppDelegate.swift in Sources */,
			);
			runOnlyForDeploymentPostprocessing = 0;
		};
		D65DB0EE1ECC4B3B00D6D2D6 /* Sources */ = {
			isa = PBXSourcesBuildPhase;
			buildActionMask = 2147483647;
			files = (
				D65DB0F71ECC4B3B00D6D2D6 /* IMTestUITests.swift in Sources */,
			);
			runOnlyForDeploymentPostprocessing = 0;
		};
/* End PBXSourcesBuildPhase section */

/* Begin PBXTargetDependency section */
		D65DB0F41ECC4B3B00D6D2D6 /* PBXTargetDependency */ = {
			isa = PBXTargetDependency;
			target = D65DB0DD1ECC4B3B00D6D2D6 /* IMTest */;
			targetProxy = D65DB0F31ECC4B3B00D6D2D6 /* PBXContainerItemProxy */;
		};
/* End PBXTargetDependency section */

/* Begin PBXVariantGroup section */
		D65DB0E51ECC4B3B00D6D2D6 /* Main.storyboard */ = {
			isa = PBXVariantGroup;
			children = (
				D65DB0E61ECC4B3B00D6D2D6 /* Base */,
			);
			name = Main.storyboard;
			sourceTree = "<group>";
		};
		D65DB0EA1ECC4B3B00D6D2D6 /* LaunchScreen.storyboard */ = {
			isa = PBXVariantGroup;
			children = (
				D65DB0EB1ECC4B3B00D6D2D6 /* Base */,
			);
			name = LaunchScreen.storyboard;
			sourceTree = "<group>";
		};
/* End PBXVariantGroup section */

/* Begin XCBuildConfiguration section */
		D65DB0F91ECC4B3B00D6D2D6 /* Debug */ = {
			isa = XCBuildConfiguration;
			buildSettings = {
				ALWAYS_SEARCH_USER_PATHS = NO;
				CLANG_ANALYZER_NONNULL = YES;
				CLANG_CXX_LANGUAGE_STANDARD = "gnu++0x";
				CLANG_CXX_LIBRARY = "libc++";
				CLANG_ENABLE_MODULES = YES;
				CLANG_ENABLE_OBJC_ARC = YES;
				CLANG_WARN_BOOL_CONVERSION = YES;
				CLANG_WARN_CONSTANT_CONVERSION = YES;
				CLANG_WARN_DIRECT_OBJC_ISA_USAGE = YES_ERROR;
				CLANG_WARN_DOCUMENTATION_COMMENTS = YES;
				CLANG_WARN_EMPTY_BODY = YES;
				CLANG_WARN_ENUM_CONVERSION = YES;
				CLANG_WARN_INFINITE_RECURSION = YES;
				CLANG_WARN_INT_CONVERSION = YES;
				CLANG_WARN_OBJC_ROOT_CLASS = YES_ERROR;
				CLANG_WARN_SUSPICIOUS_MOVE = YES;
				CLANG_WARN_UNREACHABLE_CODE = YES;
				CLANG_WARN__DUPLICATE_METHOD_MATCH = YES;
				"CODE_SIGN_IDENTITY[sdk=iphoneos*]" = "iPhone Developer";
				COPY_PHASE_STRIP = NO;
				DEBUG_INFORMATION_FORMAT = dwarf;
				ENABLE_STRICT_OBJC_MSGSEND = YES;
				ENABLE_TESTABILITY = YES;
				GCC_C_LANGUAGE_STANDARD = gnu99;
				GCC_DYNAMIC_NO_PIC = NO;
				GCC_NO_COMMON_BLOCKS = YES;
				GCC_OPTIMIZATION_LEVEL = 0;
				GCC_PREPROCESSOR_DEFINITIONS = (
					"DEBUG=1",
					"$(inherited)",
				);
				GCC_WARN_64_TO_32_BIT_CONVERSION = YES;
				GCC_WARN_ABOUT_RETURN_TYPE = YES_ERROR;
				GCC_WARN_UNDECLARED_SELECTOR = YES;
				GCC_WARN_UNINITIALIZED_AUTOS = YES_AGGRESSIVE;
				GCC_WARN_UNUSED_FUNCTION = YES;
				GCC_WARN_UNUSED_VARIABLE = YES;
				IPHONEOS_DEPLOYMENT_TARGET = 10.2;
				MTL_ENABLE_DEBUG_INFO = YES;
				ONLY_ACTIVE_ARCH = YES;
				SDKROOT = iphoneos;
				SWIFT_ACTIVE_COMPILATION_CONDITIONS = DEBUG;
				SWIFT_OPTIMIZATION_LEVEL = "-Onone";
			};
			name = Debug;
		};
		D65DB0FA1ECC4B3B00D6D2D6 /* Release */ = {
			isa = XCBuildConfiguration;
			buildSettings = {
				ALWAYS_SEARCH_USER_PATHS = NO;
				CLANG_ANALYZER_NONNULL = YES;
				CLANG_CXX_LANGUAGE_STANDARD = "gnu++0x";
				CLANG_CXX_LIBRARY = "libc++";
				CLANG_ENABLE_MODULES = YES;
				CLANG_ENABLE_OBJC_ARC = YES;
				CLANG_WARN_BOOL_CONVERSION = YES;
				CLANG_WARN_CONSTANT_CONVERSION = YES;
				CLANG_WARN_DIRECT_OBJC_ISA_USAGE = YES_ERROR;
				CLANG_WARN_DOCUMENTATION_COMMENTS = YES;
				CLANG_WARN_EMPTY_BODY = YES;
				CLANG_WARN_ENUM_CONVERSION = YES;
				CLANG_WARN_INFINITE_RECURSION = YES;
				CLANG_WARN_INT_CONVERSION = YES;
				CLANG_WARN_OBJC_ROOT_CLASS = YES_ERROR;
				CLANG_WARN_SUSPICIOUS_MOVE = YES;
				CLANG_WARN_UNREACHABLE_CODE = YES;
				CLANG_WARN__DUPLICATE_METHOD_MATCH = YES;
				"CODE_SIGN_IDENTITY[sdk=iphoneos*]" = "iPhone Developer";
				COPY_PHASE_STRIP = NO;
				DEBUG_INFORMATION_FORMAT = "dwarf-with-dsym";
				ENABLE_NS_ASSERTIONS = NO;
				ENABLE_STRICT_OBJC_MSGSEND = YES;
				GCC_C_LANGUAGE_STANDARD = gnu99;
				GCC_NO_COMMON_BLOCKS = YES;
				GCC_WARN_64_TO_32_BIT_CONVERSION = YES;
				GCC_WARN_ABOUT_RETURN_TYPE = YES_ERROR;
				GCC_WARN_UNDECLARED_SELECTOR = YES;
				GCC_WARN_UNINITIALIZED_AUTOS = YES_AGGRESSIVE;
				GCC_WARN_UNUSED_FUNCTION = YES;
				GCC_WARN_UNUSED_VARIABLE = YES;
				IPHONEOS_DEPLOYMENT_TARGET = 10.2;
				MTL_ENABLE_DEBUG_INFO = NO;
				SDKROOT = iphoneos;
				SWIFT_OPTIMIZATION_LEVEL = "-Owholemodule";
				VALIDATE_PRODUCT = YES;
			};
			name = Release;
		};
		D65DB0FC1ECC4B3B00D6D2D6 /* Debug */ = {
			isa = XCBuildConfiguration;
			baseConfigurationReference = ACF264B33C239320AD2FBDE4 /* Pods-IMTest.debug.xcconfig */;
			buildSettings = {
				ASSETCATALOG_COMPILER_APPICON_NAME = AppIcon;
				DEVELOPMENT_TEAM = V4YE2ERCAC;
				INFOPLIST_FILE = IMTest/Info.plist;
				LD_RUNPATH_SEARCH_PATHS = "$(inherited) @executable_path/Frameworks";
				PRODUCT_BUNDLE_IDENTIFIER = cn.com.ecinc.IMTest;
				PRODUCT_NAME = "$(TARGET_NAME)";
				SWIFT_VERSION = 3.0;
			};
			name = Debug;
		};
		D65DB0FD1ECC4B3B00D6D2D6 /* Release */ = {
			isa = XCBuildConfiguration;
			baseConfigurationReference = 36686BB06F17D2CA6755A0DC /* Pods-IMTest.release.xcconfig */;
			buildSettings = {
				ASSETCATALOG_COMPILER_APPICON_NAME = AppIcon;
				DEVELOPMENT_TEAM = V4YE2ERCAC;
				INFOPLIST_FILE = IMTest/Info.plist;
				LD_RUNPATH_SEARCH_PATHS = "$(inherited) @executable_path/Frameworks";
				PRODUCT_BUNDLE_IDENTIFIER = cn.com.ecinc.IMTest;
				PRODUCT_NAME = "$(TARGET_NAME)";
				SWIFT_VERSION = 3.0;
			};
			name = Release;
		};
		D65DB0FF1ECC4B3B00D6D2D6 /* Debug */ = {
			isa = XCBuildConfiguration;
			baseConfigurationReference = ABE1C2E60358ED698B9E6F42 /* Pods-IMTestUITests.debug.xcconfig */;
			buildSettings = {
				ALWAYS_EMBED_SWIFT_STANDARD_LIBRARIES = YES;
				DEVELOPMENT_TEAM = V4YE2ERCAC;
				INFOPLIST_FILE = IMTestUITests/Info.plist;
				LD_RUNPATH_SEARCH_PATHS = "$(inherited) @executable_path/Frameworks @loader_path/Frameworks";
				PRODUCT_BUNDLE_IDENTIFIER = cn.com.ecinc.IMTestUITests;
				PRODUCT_NAME = "$(TARGET_NAME)";
				SWIFT_VERSION = 3.0;
				TEST_TARGET_NAME = IMTest;
			};
			name = Debug;
		};
		D65DB1001ECC4B3B00D6D2D6 /* Release */ = {
			isa = XCBuildConfiguration;
			baseConfigurationReference = 2833DB761885BDD9F6759CDD /* Pods-IMTestUITests.release.xcconfig */;
			buildSettings = {
				ALWAYS_EMBED_SWIFT_STANDARD_LIBRARIES = YES;
				DEVELOPMENT_TEAM = V4YE2ERCAC;
				INFOPLIST_FILE = IMTestUITests/Info.plist;
				LD_RUNPATH_SEARCH_PATHS = "$(inherited) @executable_path/Frameworks @loader_path/Frameworks";
				PRODUCT_BUNDLE_IDENTIFIER = cn.com.ecinc.IMTestUITests;
				PRODUCT_NAME = "$(TARGET_NAME)";
				SWIFT_VERSION = 3.0;
				TEST_TARGET_NAME = IMTest;
			};
			name = Release;
		};
/* End XCBuildConfiguration section */

/* Begin XCConfigurationList section */
		D65DB0D91ECC4B3B00D6D2D6 /* Build configuration list for PBXProject "IMTest" */ = {
			isa = XCConfigurationList;
			buildConfigurations = (
				D65DB0F91ECC4B3B00D6D2D6 /* Debug */,
				D65DB0FA1ECC4B3B00D6D2D6 /* Release */,
			);
			defaultConfigurationIsVisible = 0;
			defaultConfigurationName = Release;
		};
		D65DB0FB1ECC4B3B00D6D2D6 /* Build configuration list for PBXNativeTarget "IMTest" */ = {
			isa = XCConfigurationList;
			buildConfigurations = (
				D65DB0FC1ECC4B3B00D6D2D6 /* Debug */,
				D65DB0FD1ECC4B3B00D6D2D6 /* Release */,
			);
			defaultConfigurationIsVisible = 0;
			defaultConfigurationName = Release;
		};
		D65DB0FE1ECC4B3B00D6D2D6 /* Build configuration list for PBXNativeTarget "IMTestUITests" */ = {
			isa = XCConfigurationList;
			buildConfigurations = (
				D65DB0FF1ECC4B3B00D6D2D6 /* Debug */,
				D65DB1001ECC4B3B00D6D2D6 /* Release */,
			);
			defaultConfigurationIsVisible = 0;
			defaultConfigurationName = Release;
		};
/* End XCConfigurationList section */
	};
	rootObject = D65DB0D61ECC4B3B00D6D2D6 /* Project object */;
}
